{
  "name": "tatvasoft2",
  "version": "1.0.0",
  "lockfileVersion": 1,
  "requires": true,
  "dependencies": {
    "@angular/common": {
      "version": "13.2.2",
      "resolved": "https://registry.npmjs.org/@angular/common/-/common-13.2.2.tgz",
      "integrity": "sha512-56C/bheNLKtTCyQUZCiYtKbBIZN9jj6rjFILPtJCGls3cBCxp7t9tIdoLiQG/wVQRmaxdj1ioLT+sCWz7mLtQw==",
      "requires": {
        "tslib": "^2.3.0"
      }
    },
    "@angular/compiler": {
      "version": "13.2.2",
      "resolved": "https://registry.npmjs.org/@angular/compiler/-/compiler-13.2.2.tgz",
      "integrity": "sha512-XXQtB0/e7pR2LPrHmpEiTU72SX4xxHGy91vYWIj1JCjSn0fYF7vtHzSJPXDvkbnkNow/PXXzJJYaU1ctdMZPcA==",
      "requires": {
        "tslib": "^2.3.0"
      }
    },
    "@angular/core": {
      "version": "13.2.2",
      "resolved": "https://registry.npmjs.org/@angular/core/-/core-13.2.2.tgz",
      "integrity": "sha512-zpctw0BxIVOsRFnckchK15SD1L8tzhf5GzwIDaM6+VylDQj1uYkm8mvAjJTQZyUuApomoFet2Rfj7XQPV+cNSQ==",
      "requires": {
        "tslib": "^2.3.0"
      }
    },
    "tslib": {
      "version": "2.3.1",
      "resolved": "https://registry.npmjs.org/tslib/-/tslib-2.3.1.tgz",
      "integrity": "sha512-77EbyPPpMz+FRFRuAFlWMtmgUWGe9UOG2Z25NqCwiIjRhOf5iKGuzSe5P2w1laq+FkRy4p+PCuVkJSGkzTEKVw=="
    }
  }
}
